
Microsoft Visual Studio Solution File, Format Version 12.00
# Visual Studio Version 17
VisualStudioVersion = 17.14.36623.8 d17.14
MinimumVisualStudioVersion = 10.0.40219.1
Project("{FAE04EC0-301F-11D3-BF4B-00C04F79EFBC}") = "TMS.API", "TMS.API.csproj", "{45284456-F676-4AE5-8C06-704A344D8D73}"
EndProject
Project("{FAE04EC0-301F-11D3-BF4B-00C04F79EFBC}") = "TMS.Application", "..\TMS.Application\TMS.Application.csproj", "{09D46BD6-5D06-445F-B5EF-0F97A8AAC1CF}"
EndProject
Project("{FAE04EC0-301F-11D3-BF4B-00C04F79EFBC}") = "TMS.Domain", "..\TMS.Domain\TMS.Domain.csproj", "{171A6339-51D9-4C58-B6BA-73DB0A020631}"
EndProject
Project("{FAE04EC0-301F-11D3-BF4B-00C04F79EFBC}") = "TMS.Infrastructure", "..\TMS.Infrastructure\TMS.Infrastructure.csproj", "{510D6071-84F5-4B69-8917-5F5AB48801DB}"
EndProject
Global
	GlobalSection(SolutionConfigurationPlatforms) = preSolution
		Debug|Any CPU = Debug|Any CPU
		Release|Any CPU = Release|Any CPU
	EndGlobalSection
	GlobalSection(ProjectConfigurationPlatforms) = postSolution
		{45284456-F676-4AE5-8C06-704A344D8D73}.Debug|Any CPU.ActiveCfg = Debug|Any CPU
		{45284456-F676-4AE5-8C06-704A344D8D73}.Debug|Any CPU.Build.0 = Debug|Any CPU
		{45284456-F676-4AE5-8C06-704A344D8D73}.Release|Any CPU.ActiveCfg = Release|Any CPU
		{45284456-F676-4AE5-8C06-704A344D8D73}.Release|Any CPU.Build.0 = Release|Any CPU
		{09D46BD6-5D06-445F-B5EF-0F97A8AAC1CF}.Debug|Any CPU.ActiveCfg = Debug|Any CPU
		{09D46BD6-5D06-445F-B5EF-0F97A8AAC1CF}.Debug|Any CPU.Build.0 = Debug|Any CPU
		{09D46BD6-5D06-445F-B5EF-0F97A8AAC1CF}.Release|Any CPU.ActiveCfg = Release|Any CPU
		{09D46BD6-5D06-445F-B5EF-0F97A8AAC1CF}.Release|Any CPU.Build.0 = Release|Any CPU
		{171A6339-51D9-4C58-B6BA-73DB0A020631}.Debug|Any CPU.ActiveCfg = Debug|Any CPU
		{171A6339-51D9-4C58-B6BA-73DB0A020631}.Debug|Any CPU.Build.0 = Debug|Any CPU
		{171A6339-51D9-4C58-B6BA-73DB0A020631}.Release|Any CPU.ActiveCfg = Release|Any CPU
		{171A6339-51D9-4C58-B6BA-73DB0A020631}.Release|Any CPU.Build.0 = Release|Any CPU
		{510D6071-84F5-4B69-8917-5F5AB48801DB}.Debug|Any CPU.ActiveCfg = Debug|Any CPU
		{510D6071-84F5-4B69-8917-5F5AB48801DB}.Debug|Any CPU.Build.0 = Debug|Any CPU
		{510D6071-84F5-4B69-8917-5F5AB48801DB}.Release|Any CPU.ActiveCfg = Release|Any CPU
		{510D6071-84F5-4B69-8917-5F5AB48801DB}.Release|Any CPU.Build.0 = Release|Any CPU
	EndGlobalSection
	GlobalSection(SolutionProperties) = preSolution
		HideSolutionNode = FALSE
	EndGlobalSection
	GlobalSection(ExtensibilityGlobals) = postSolution
		SolutionGuid = {246653ED-1759-4079-B3E6-17FBE98E1C71}
	EndGlobalSection
EndGlobal
